
Microsoft Visual Studio Solution File, Format Version 12.00
# Visual Studio 15
VisualStudioVersion = 15.0.28307.539
MinimumVisualStudioVersion = 10.0.40219.1
Project("{F184B08F-C81C-45F6-A57F-5ABD9991F28F}") = "Ispit", "Ispit\Ispit.vbproj", "{FBFFC296-0A95-45E1-B6EC-0C287B43F45B}"
EndProject
Global
	GlobalSection(SolutionConfigurationPlatforms) = preSolution
		Debug|Any CPU = Debug|Any CPU
		Release|Any CPU = Release|Any CPU
	EndGlobalSection
	GlobalSection(ProjectConfigurationPlatforms) = postSolution
		{FBFFC296-0A95-45E1-B6EC-0C287B43F45B}.Debug|Any CPU.ActiveCfg = Debug|Any CPU
		{FBFFC296-0A95-45E1-B6EC-0C287B43F45B}.Debug|Any CPU.Build.0 = Debug|Any CPU
		{FBFFC296-0A95-45E1-B6EC-0C287B43F45B}.Release|Any CPU.ActiveCfg = Release|Any CPU
		{FBFFC296-0A95-45E1-B6EC-0C287B43F45B}.Release|Any CPU.Build.0 = Release|Any CPU
	EndGlobalSection
	GlobalSection(SolutionProperties) = preSolution
		HideSolutionNode = FALSE
	EndGlobalSection
	GlobalSection(ExtensibilityGlobals) = postSolution
		SolutionGuid = {F9D37189-5DBB-4C16-B9F8-FB3F09B7171E}
	EndGlobalSection
EndGlobal
